
Microsoft Visual Studio Solution File, Format Version 12.00
# Visual Studio 15
VisualStudioVersion = 15.0.28010.2050
MinimumVisualStudioVersion = 10.0.40219.1
Project("{9A19103F-16F7-4668-BE54-9A1E7A4F7556}") = "BandjounFCStore", "BandjounFCStore\BandjounFCStore.csproj", "{0060CE88-84AB-4DAB-A16B-42F4051711B6}"
EndProject
Project("{FAE04EC0-301F-11D3-BF4B-00C04F79EFBC}") = "UserIdentity", "UserIdentity\UserIdentity.csproj", "{7152101B-ED56-4BC1-BCDD-352BDA4AC019}"
EndProject
Project("{FAE04EC0-301F-11D3-BF4B-00C04F79EFBC}") = "WebApiCoreExample", "WebApiCoreExample\WebApiCoreExample.csproj", "{7ABEE4DE-CCDC-4BB4-A2E1-E3AA5AB5FEE8}"
EndProject
Global
	GlobalSection(SolutionConfigurationPlatforms) = preSolution
		Debug|Any CPU = Debug|Any CPU
		Release|Any CPU = Release|Any CPU
	EndGlobalSection
	GlobalSection(ProjectConfigurationPlatforms) = postSolution
		{0060CE88-84AB-4DAB-A16B-42F4051711B6}.Debug|Any CPU.ActiveCfg = Debug|Any CPU
		{0060CE88-84AB-4DAB-A16B-42F4051711B6}.Debug|Any CPU.Build.0 = Debug|Any CPU
		{0060CE88-84AB-4DAB-A16B-42F4051711B6}.Release|Any CPU.ActiveCfg = Release|Any CPU
		{0060CE88-84AB-4DAB-A16B-42F4051711B6}.Release|Any CPU.Build.0 = Release|Any CPU
		{7152101B-ED56-4BC1-BCDD-352BDA4AC019}.Debug|Any CPU.ActiveCfg = Debug|Any CPU
		{7152101B-ED56-4BC1-BCDD-352BDA4AC019}.Debug|Any CPU.Build.0 = Debug|Any CPU
		{7152101B-ED56-4BC1-BCDD-352BDA4AC019}.Release|Any CPU.ActiveCfg = Release|Any CPU
		{7152101B-ED56-4BC1-BCDD-352BDA4AC019}.Release|Any CPU.Build.0 = Release|Any CPU
		{7ABEE4DE-CCDC-4BB4-A2E1-E3AA5AB5FEE8}.Debug|Any CPU.ActiveCfg = Debug|Any CPU
		{7ABEE4DE-CCDC-4BB4-A2E1-E3AA5AB5FEE8}.Debug|Any CPU.Build.0 = Debug|Any CPU
		{7ABEE4DE-CCDC-4BB4-A2E1-E3AA5AB5FEE8}.Release|Any CPU.ActiveCfg = Release|Any CPU
		{7ABEE4DE-CCDC-4BB4-A2E1-E3AA5AB5FEE8}.Release|Any CPU.Build.0 = Release|Any CPU
	EndGlobalSection
	GlobalSection(SolutionProperties) = preSolution
		HideSolutionNode = FALSE
	EndGlobalSection
	GlobalSection(ExtensibilityGlobals) = postSolution
		SolutionGuid = {D2003033-0531-4168-8C24-933D24765C19}
	EndGlobalSection
EndGlobal
